PODS:
  - FlutterMacOS (1.0.0)
  - swift_volume (0.0.1):
    - FlutterMacOS

DEPENDENCIES:
  - FlutterMacOS (from `Flutter/ephemeral`)
  - swift_volume (from `Flutter/ephemeral/.symlinks/plugins/swift_volume/macos`)

EXTERNAL SOURCES:
  FlutterMacOS:
    :path: Flutter/ephemeral
  swift_volume:
    :path: Flutter/ephemeral/.symlinks/plugins/swift_volume/macos

SPEC CHECKSUMS:
  FlutterMacOS: c232990155153907050900a2e175c7773903ba4e
  swift_volume: 023bf6dfcd7851f66cec2baa2e43e473acf0e5de

PODFILE CHECKSUM: 1e95c36afbfd1cb6423ceca4de7a8e1b256fb6ac

COCOAPODS: 1.17.0
